
Microsoft Visual Studio Solution File, Format Version 12.00
# Visual Studio 2013
VisualStudioVersion = 12.0.21005.1
MinimumVisualStudioVersion = 10.0.40219.1
Project("{FAE04EC0-301F-11D3-BF4B-00C04F79EFBC}") = "EmployeeProject", "EmployeeProject\EmployeeProject.csproj", "{28E4479A-951B-468C-ADAB-03C532E521E1}"
EndProject
Project("{FAE04EC0-301F-11D3-BF4B-00C04F79EFBC}") = "EmployeeDetailsTest", "EmployeeDetailsTest\EmployeeDetailsTest.csproj", "{965C6CFD-49C4-4930-B4AA-F2025F62229A}"
EndProject
Project("{FAE04EC0-301F-11D3-BF4B-00C04F79EFBC}") = "EmployeeDetailsDAL", "EmployeeDetailsDAL\EmployeeDetailsDAL.csproj", "{6CDEEA11-F08B-4869-A7B3-031A939323FD}"
EndProject
Global
	GlobalSection(SolutionConfigurationPlatforms) = preSolution
		Debug|Any CPU = Debug|Any CPU
		Release|Any CPU = Release|Any CPU
	EndGlobalSection
	GlobalSection(ProjectConfigurationPlatforms) = postSolution
		{28E4479A-951B-468C-ADAB-03C532E521E1}.Debug|Any CPU.ActiveCfg = Debug|Any CPU
		{28E4479A-951B-468C-ADAB-03C532E521E1}.Debug|Any CPU.Build.0 = Debug|Any CPU
		{28E4479A-951B-468C-ADAB-03C532E521E1}.Release|Any CPU.ActiveCfg = Release|Any CPU
		{28E4479A-951B-468C-ADAB-03C532E521E1}.Release|Any CPU.Build.0 = Release|Any CPU
		{965C6CFD-49C4-4930-B4AA-F2025F62229A}.Debug|Any CPU.ActiveCfg = Debug|Any CPU
		{965C6CFD-49C4-4930-B4AA-F2025F62229A}.Debug|Any CPU.Build.0 = Debug|Any CPU
		{965C6CFD-49C4-4930-B4AA-F2025F62229A}.Release|Any CPU.ActiveCfg = Release|Any CPU
		{965C6CFD-49C4-4930-B4AA-F2025F62229A}.Release|Any CPU.Build.0 = Release|Any CPU
		{6CDEEA11-F08B-4869-A7B3-031A939323FD}.Debug|Any CPU.ActiveCfg = Debug|Any CPU
		{6CDEEA11-F08B-4869-A7B3-031A939323FD}.Debug|Any CPU.Build.0 = Debug|Any CPU
		{6CDEEA11-F08B-4869-A7B3-031A939323FD}.Release|Any CPU.ActiveCfg = Release|Any CPU
		{6CDEEA11-F08B-4869-A7B3-031A939323FD}.Release|Any CPU.Build.0 = Release|Any CPU
	EndGlobalSection
	GlobalSection(SolutionProperties) = preSolution
		HideSolutionNode = FALSE
	EndGlobalSection
EndGlobal
